
Microsoft Visual Studio Solution File, Format Version 12.00
# Visual Studio Version 17
VisualStudioVersion = 17.14.36603.0 d17.14
MinimumVisualStudioVersion = 10.0.40219.1
Project("{FAE04EC0-301F-11D3-BF4B-00C04F79EFBC}") = "Talabat.API", "Talabat.API\Talabat.API.csproj", "{78399B51-DA27-4AB3-822D-49CB0B9FD302}"
EndProject
Project("{FAE04EC0-301F-11D3-BF4B-00C04F79EFBC}") = "Talabat.DAL", "Talabat.DAL\Talabat.DAL.csproj", "{3AF46843-B723-4E40-ACAB-847E119B3C90}"
EndProject
Project("{FAE04EC0-301F-11D3-BF4B-00C04F79EFBC}") = "Talabat.BLL", "Talabat.BLL\Talabat.BLL.csproj", "{752F7F07-1F60-43BA-8FCB-0CF5C83EBA73}"
EndProject
Global
	GlobalSection(SolutionConfigurationPlatforms) = preSolution
		Debug|Any CPU = Debug|Any CPU
		Release|Any CPU = Release|Any CPU
	EndGlobalSection
	GlobalSection(ProjectConfigurationPlatforms) = postSolution
		{78399B51-DA27-4AB3-822D-49CB0B9FD302}.Debug|Any CPU.ActiveCfg = Debug|Any CPU
		{78399B51-DA27-4AB3-822D-49CB0B9FD302}.Debug|Any CPU.Build.0 = Debug|Any CPU
		{78399B51-DA27-4AB3-822D-49CB0B9FD302}.Release|Any CPU.ActiveCfg = Release|Any CPU
		{78399B51-DA27-4AB3-822D-49CB0B9FD302}.Release|Any CPU.Build.0 = Release|Any CPU
		{3AF46843-B723-4E40-ACAB-847E119B3C90}.Debug|Any CPU.ActiveCfg = Debug|Any CPU
		{3AF46843-B723-4E40-ACAB-847E119B3C90}.Debug|Any CPU.Build.0 = Debug|Any CPU
		{3AF46843-B723-4E40-ACAB-847E119B3C90}.Release|Any CPU.ActiveCfg = Release|Any CPU
		{3AF46843-B723-4E40-ACAB-847E119B3C90}.Release|Any CPU.Build.0 = Release|Any CPU
		{752F7F07-1F60-43BA-8FCB-0CF5C83EBA73}.Debug|Any CPU.ActiveCfg = Debug|Any CPU
		{752F7F07-1F60-43BA-8FCB-0CF5C83EBA73}.Debug|Any CPU.Build.0 = Debug|Any CPU
		{752F7F07-1F60-43BA-8FCB-0CF5C83EBA73}.Release|Any CPU.ActiveCfg = Release|Any CPU
		{752F7F07-1F60-43BA-8FCB-0CF5C83EBA73}.Release|Any CPU.Build.0 = Release|Any CPU
	EndGlobalSection
	GlobalSection(SolutionProperties) = preSolution
		HideSolutionNode = FALSE
	EndGlobalSection
	GlobalSection(ExtensibilityGlobals) = postSolution
		SolutionGuid = {CBC5BF9E-A2C9-40C7-889C-D8267D8FB985}
	EndGlobalSection
EndGlobal
